{
    "_meta": {
        "hash": {
            "sha256": "b192e16f5ada28971827b9650776b743d6c89e850584d80ef1f2f04b441d832c"
        },
        "pipfile-spec": 6,
        "requires": {
            "python_version": "3.9"
        },
        "sources": [
            {
                "name": "pypi",
                "url": "https://pypi.org/simple",
                "verify_ssl": true
            }
        ]
    },
    "default": {
        "structlog": {
            "hashes": [
                "sha256:68c4c29c003714fe86834f347cb107452847ba52414390a7ee583472bde00fc9",
                "sha256:fd7922e195262b337da85c2a91c84be94ccab1f8fd1957bd6986f6904e3761c8"
            ],
            "index": "pypi",
            "version": "==21.5.0"
        }
    },
    "develop": {}
}
